<?xml version="1.0" encoding="utf-8"?>
<Project ToolsVersion="4.0" xmlns="http://schemas.microsoft.com/developer/msbuild/2003">
  <ItemGroup>
    <Filter Include="File di origine">
      <UniqueIdentifier>{4FC737F1-C7A5-4376-A066-2A32D752A2FF}</UniqueIdentifier>
      <Extensions>cpp;c;cc;cxx;c++;cppm;ixx;def;odl;idl;hpj;bat;asm;asmx</Extensions>
    </Filter>
    <Filter Include="File di intestazione">
      <UniqueIdentifier>{93995380-89BD-4b04-88EB-625FBE52EBFB}</UniqueIdentifier>
      <Extensions>h;hh;hpp;hxx;h++;hm;inl;inc;ipp;xsd</Extensions>
    </Filter>
    <Filter Include="File di risorse">
      <UniqueIdentifier>{67DA6AB6-F800-4c08-8B7A-83BB121AAD01}</UniqueIdentifier>
      <Extensions>rc;ico;cur;bmp;dlg;rc2;rct;bin;rgs;gif;jpg;jpeg;jpe;resx;tiff;tif;png;wav;mfcribbon-ms</Extensions>
    </Filter>
  </ItemGroup>
  <ItemGroup>
    <None Include="antlr-4.10-complete.jar" />
    <None Include="GLSLLexer.g4" />
    <None Include="GLSLLexer.interp" />
    <None Include="GLSLLexer.tokens" />
    <None Include="glsl-parser" />
    <None Include="GLSLParser.g4" />
    <None Include="GLSLParser.interp" />
    <None Include="GLSLParser.tokens" />
    <None Include="GLSLPreParser.g4" />
    <None Include="GLSLPreParser.interp" />
    <None Include="GLSLPreParser.tokens" />
    <None Include="shader.glsl" />
  </ItemGroup>
  <ItemGroup>
    <ClInclude Include="FunctionInfo.h">
      <Filter>File di intestazione</Filter>
    </ClInclude>
    <ClInclude Include="GLSLLexer.h">
      <Filter>File di intestazione</Filter>
    </ClInclude>
    <ClInclude Include="GLSLParser.h">
      <Filter>File di intestazione</Filter>
    </ClInclude>
    <ClInclude Include="GLSLParserBaseListener.h">
      <Filter>File di intestazione</Filter>
    </ClInclude>
    <ClInclude Include="GLSLParserBaseVisitor.h">
      <Filter>File di intestazione</Filter>
    </ClInclude>
    <ClInclude Include="GLSLParserListener.h">
      <Filter>File di intestazione</Filter>
    </ClInclude>
    <ClInclude Include="GLSLParserVisitor.h">
      <Filter>File di intestazione</Filter>
    </ClInclude>
    <ClInclude Include="GLSLPreParser.h">
      <Filter>File di intestazione</Filter>
    </ClInclude>
    <ClInclude Include="GLSLPreParserBaseListener.h">
      <Filter>File di intestazione</Filter>
    </ClInclude>
    <ClInclude Include="GLSLPreParserBaseVisitor.h">
      <Filter>File di intestazione</Filter>
    </ClInclude>
    <ClInclude Include="GLSLPreParserListener.h">
      <Filter>File di intestazione</Filter>
    </ClInclude>
    <ClInclude Include="GLSLPreParserVisitor.h">
      <Filter>File di intestazione</Filter>
    </ClInclude>
    <ClInclude Include="MyGLSLVisitor.h">
      <Filter>File di intestazione</Filter>
    </ClInclude>
    <ClInclude Include="OpenGLVisitor.h">
      <Filter>File di intestazione</Filter>
    </ClInclude>
    <ClInclude Include="SemanticScope.h">
      <Filter>File di intestazione</Filter>
    </ClInclude>
    <ClInclude Include="SemanticVisitor.h">
      <Filter>File di intestazione</Filter>
    </ClInclude>
    <ClInclude Include="shaderInfo.h">
      <Filter>File di intestazione</Filter>
    </ClInclude>
    <ClInclude Include="Variable.h">
      <Filter>File di intestazione</Filter>
    </ClInclude>
    <ClInclude Include="VulkanVisitor.h">
      <Filter>File di intestazione</Filter>
    </ClInclude>
  </ItemGroup>
  <ItemGroup>
    <ClCompile Include="GLSLLexer.cpp">
      <Filter>File di origine</Filter>
    </ClCompile>
    <ClCompile Include="GLSLParser.cpp">
      <Filter>File di origine</Filter>
    </ClCompile>
    <ClCompile Include="GLSLParserBaseListener.cpp">
      <Filter>File di origine</Filter>
    </ClCompile>
    <ClCompile Include="GLSLParserBaseVisitor.cpp">
      <Filter>File di origine</Filter>
    </ClCompile>
    <ClCompile Include="GLSLParserListener.cpp">
      <Filter>File di origine</Filter>
    </ClCompile>
    <ClCompile Include="GLSLParserVisitor.cpp">
      <Filter>File di origine</Filter>
    </ClCompile>
    <ClCompile Include="GLSLPreParser.cpp">
      <Filter>File di origine</Filter>
    </ClCompile>
    <ClCompile Include="GLSLPreParserBaseListener.cpp">
      <Filter>File di origine</Filter>
    </ClCompile>
    <ClCompile Include="GLSLPreParserBaseVisitor.cpp">
      <Filter>File di origine</Filter>
    </ClCompile>
    <ClCompile Include="GLSLPreParserListener.cpp">
      <Filter>File di origine</Filter>
    </ClCompile>
    <ClCompile Include="GLSLPreParserVisitor.cpp">
      <Filter>File di origine</Filter>
    </ClCompile>
    <ClCompile Include="OpenGLVisitor.cpp">
      <Filter>File di origine</Filter>
    </ClCompile>
    <ClCompile Include="SemanticVisitor.cpp">
      <Filter>File di origine</Filter>
    </ClCompile>
    <ClCompile Include="VulkanVisitor.cpp">
      <Filter>File di origine</Filter>
    </ClCompile>
  </ItemGroup>
</Project>