<?xml version="1.0" encoding="utf-8"?>
<Project ToolsVersion="4.0" xmlns="http://schemas.microsoft.com/developer/msbuild/2003">
  <ItemGroup>
    <Filter Include="File di risorse">
      <UniqueIdentifier>{67DA6AB6-F800-4c08-8B7A-83BB121AAD01}</UniqueIdentifier>
      <Extensions>rc;ico;cur;bmp;dlg;rc2;rct;bin;rgs;gif;jpg;jpeg;jpe;resx;tiff;tif;png;wav;mfcribbon-ms</Extensions>
    </Filter>
    <Filter Include="Scena di prova">
      <UniqueIdentifier>{aa8f0af1-ed76-43ea-b557-c51d9a60097d}</UniqueIdentifier>
    </Filter>
    <Filter Include="Scena di prova\File di intestazione">
      <UniqueIdentifier>{aaf11525-5bf3-43e5-8715-1dae637a5754}</UniqueIdentifier>
    </Filter>
    <Filter Include="Scena di prova\File di risorse">
      <UniqueIdentifier>{c02c9f1d-2399-48be-ad33-bdcbeb7e6353}</UniqueIdentifier>
    </Filter>
    <Filter Include="Application">
      <UniqueIdentifier>{c119e139-60e2-485f-b4b4-057f8d89fb91}</UniqueIdentifier>
    </Filter>
    <Filter Include="Render">
      <UniqueIdentifier>{17fdd5d4-e798-4c5f-8e21-f2d5b19b4458}</UniqueIdentifier>
    </Filter>
    <Filter Include="Platform">
      <UniqueIdentifier>{a2cc7343-e265-429c-ba6c-8e953d0bed39}</UniqueIdentifier>
    </Filter>
    <Filter Include="Platform\OpenGL">
      <UniqueIdentifier>{63babfc9-525f-4d20-a29c-c2cac9ac2a50}</UniqueIdentifier>
    </Filter>
    <Filter Include="ImGui">
      <UniqueIdentifier>{24118ec5-96dd-47d5-a72e-0a885a0392cd}</UniqueIdentifier>
    </Filter>
    <Filter Include="Application\Layers">
      <UniqueIdentifier>{3d5dc69e-d97d-4723-adf3-7f223cc29bf4}</UniqueIdentifier>
    </Filter>
    <Filter Include="ImGui\backends">
      <UniqueIdentifier>{b3a17a5c-a85d-400e-acc4-ff8efc46255a}</UniqueIdentifier>
    </Filter>
    <Filter Include="Application\Input">
      <UniqueIdentifier>{9cd8ad2c-3e8a-4856-822c-9f92a366cfec}</UniqueIdentifier>
    </Filter>
    <Filter Include="Platform\OpenGL\Input">
      <UniqueIdentifier>{c3910ef6-96da-4d82-830b-0fe29c4c6c2f}</UniqueIdentifier>
    </Filter>
    <Filter Include="Physics">
      <UniqueIdentifier>{acb377e0-8b18-4a69-832f-20c5a261a3dc}</UniqueIdentifier>
    </Filter>
    <Filter Include="Core">
      <UniqueIdentifier>{d9077232-b9aa-4a3b-b14f-b4647d8921d1}</UniqueIdentifier>
    </Filter>
    <Filter Include="Core\View">
      <UniqueIdentifier>{18d07a03-e234-4591-ae60-a4ea384ba42b}</UniqueIdentifier>
    </Filter>
    <Filter Include="Core\Model">
      <UniqueIdentifier>{2ce913f7-553d-426c-87fd-47eb3e8bf301}</UniqueIdentifier>
    </Filter>
    <Filter Include="File di risorse\OpenGLView">
      <UniqueIdentifier>{788a94fa-75fd-4be8-8830-bba58076f41a}</UniqueIdentifier>
    </Filter>
    <Filter Include="Core\Model\Components">
      <UniqueIdentifier>{6f5c97ec-6e38-4a92-9280-2a1eb2845bfc}</UniqueIdentifier>
    </Filter>
    <Filter Include="2DGame">
      <UniqueIdentifier>{5b65ca11-ef3f-46af-83d8-603c9ab8ae19}</UniqueIdentifier>
    </Filter>
    <Filter Include="2DGame\Components">
      <UniqueIdentifier>{7d0bf565-d013-473a-ac55-e53b8e2e6994}</UniqueIdentifier>
    </Filter>
    <Filter Include="2DGame\Prefab">
      <UniqueIdentifier>{39c76032-6be8-40ee-94e0-d5754ccfadca}</UniqueIdentifier>
    </Filter>
  </ItemGroup>
  <ItemGroup>
    <ClCompile Include="vendor\glad.c">
      <Filter>File di risorse\OpenGLView</Filter>
    </ClCompile>
    <ClCompile Include="Main.cpp" />
    <ClCompile Include="Application\Application.cpp" />
    <ClCompile Include="Application\AssetManager.cpp" />
    <ClCompile Include="Render\BatchRenderer.cpp" />
    <ClCompile Include="Render\BatchRenderer.h" />
    <ClCompile Include="Render\Buffer.cpp" />
    <ClCompile Include="Core\Model\Components\Camera.cpp" />
    <ClCompile Include="Core\Model\Components\Collider.cpp" />
    <ClCompile Include="Core\Model\Component.cpp" />
    <ClCompile Include="Core\Model\GameObject.cpp" />
    <ClCompile Include="Core\HermitInterpolationMesh.cpp" />
    <ClCompile Include="Application\Layer\ImGuiLayer.cpp" />
    <ClCompile Include="Application\Input\Input.cpp" />
    <ClCompile Include="Platform\OpenGL\MeshGPUusage.h" />
    <ClCompile Include="Platform\OpenGL\OpenGLBuffer.cpp" />
    <ClCompile Include="Platform\OpenGL\OpenGLBuffer.h" />
    <ClCompile Include="Platform\OpenGL\OpenGLRenderCommand.cpp" />
    <ClCompile Include="Platform\OpenGL\OpenGLVertexArray.cpp" />
    <ClCompile Include="Physics\PhysicsEngine.cpp" />
    <ClCompile Include="Core\Material.cpp" />
    <ClCompile Include="Core\Material.h" />
    <ClCompile Include="Platform\OpenGL\OpenGLBatchRender.cpp" />
    <ClCompile Include="Platform\OpenGL\OpenGLShader.cpp" />
    <ClCompile Include="Platform\OpenGL\OpenGLView.cpp" />
    <ClCompile Include="Render\RenderCommand.cpp" />
    <ClCompile Include="Render\Renderer.cpp" />
    <ClCompile Include="Core\Model\Scene.cpp" />
    <ClCompile Include="Core\Shader.cpp" />
    <ClCompile Include="Render\VertexArray.cpp" />
    <ClCompile Include="Core\View\View.cpp" />
    <ClCompile Include="vendor\stb.cpp" />
    <ClCompile Include="Core\Texture.cpp" />
    <ClCompile Include="Platform\OpenGL\OpenGLTexture.cpp" />
    <ClCompile Include="Platform\OpenGL\OpenGLCubeMap.cpp" />
    <ClCompile Include="Core\CubeMap.cpp" />
    <ClCompile Include="Application\MeshImporter.cpp" />
    <ClCompile Include="vendor\VkBootstrap.cpp" />
    <ClCompile Include="Platform\Vulkan\VulkanWindow.cpp" />
    <ClCompile Include="Platform\Vulkan\VulkanRender.cpp" />
    <ClCompile Include="Platform\Vulkan\VulkanShader.cpp" />
    <ClCompile Include="vendor\vma\VmaUsage.cpp" />
    <ClCompile Include="Platform\Vulkan\VulkanBuffer.cpp" />
    <ClCompile Include="Platform\Vulkan\VulkanMeshGPU.cpp" />
    <ClCompile Include="Platform\Vulkan\VulkanTexture.cpp" />
    <ClCompile Include="vendor\xxhash.c" />
    <ClCompile Include="Platform\Vulkan\VulkanBufferPool.cpp" />
    <ClCompile Include="Platform\Vulkan\IndirectDrawSystem.cpp" />
    <ClCompile Include="Platform\Vulkan\VulkanDevice.cpp" />
    <ClCompile Include="Platform\Vulkan\VulkanSwapchain.cpp" />
    <ClCompile Include="Platform\Vulkan\VulkanCommandManager.cpp" />
    <ClCompile Include="Platform\Vulkan\VulkanSyncManager.cpp" />
    <ClCompile Include="Platform\Vulkan\VulkanDescriptorManager.cpp" />
    <ClCompile Include="Platform\Vulkan\VulkanPipelineManager.cpp" />
    <ClCompile Include="Application\Project.cpp" />
    <ClCompile Include="Core\MetaShader.cpp" />
    <ClCompile Include="Platform\OpenGL\OpenGLMetaShader.cpp" />
    <ClCompile Include="Platform\Vulkan\VulkanMetaShader.cpp" />
    <ClCompile Include="Platform\Vulkan\VulkanRenderTarget.cpp" />
    <ClCompile Include="Render\RenderTarget.cpp" />
    <ClCompile Include="Platform\OpenGL\OpenGLRenderTarget.cpp" />
    <ClCompile Include="Math\Math.cpp" />
    <ClCompile Include="Application\ImGuiTextureWrapper.cpp" />
    <ClCompile Include="Platform\OpenGL\OpenGLImGuiTextureWrapper.cpp" />
    <ClCompile Include="Platform\Vulkan\VulkanImGuiTextureWrapper.cpp" />
    <ClCompile Include="Core\ThreadPool.cpp" />
    <ClCompile Include="Platform\OpenGL\OpenGLIndirectDraw.cpp" />
    <ClCompile Include="Platform\OpenGL\OpenGLGeometryPool.cpp" />
  </ItemGroup>
  <ItemGroup>
    <ClInclude Include="Platform\API.h" />
    <ClInclude Include="Application\Application.h" />
    <ClInclude Include="Application\AssetManager.h" />
    <ClInclude Include="Core\Model\Components\BackGround2DRender.h" />
    <ClInclude Include="Render\Buffer.h" />
    <ClInclude Include="Core\Model\Components\Camera.h" />
    <ClInclude Include="Core\Model\Components\Collider.h" />
    <ClInclude Include="Core\earcut.hpp" />
    <ClInclude Include="2DGame\Prefab\Enemy1.h" />
    <ClInclude Include="Core\Engine.h" />
    <ClInclude Include="Core\HermitInterpolationMesh.h" />
    <ClInclude Include="Platform\OpenGL\OpenGLRenderCommand.h" />
    <ClInclude Include="Physics\PhysicsEngine.h" />
    <ClInclude Include="2DGame\Component\PlayerScripts.h" />
    <ClInclude Include="Core\Prefab.h" />
    <ClInclude Include="Render\RenderCommand.h" />
    <ClInclude Include="Core\Model\Components\RigidBody.h" />
    <ClInclude Include="Core\Model\Components\ScriptingSystem.h" />
    <ClInclude Include="Core\Model\Components\TagComponent.h" />
    <ClInclude Include="Core\Model\Components\TreeComponent.h" />
    <ClInclude Include="Core\Model\Component.h" />
    <ClInclude Include="Core\Model\GameObject.h" />
    <ClInclude Include="Application\Layer\ImGuiLayer.h" />
    <ClInclude Include="Application\Input\Input.h" />
    <ClInclude Include="Application\Input\KeyCode.h" />
    <ClInclude Include="Application\Layer.h" />
    <ClInclude Include="Platform\OpenGL\Input\OpenGLInput.h" />
    <ClInclude Include="Platform\OpenGL\OpenGLVertexArray.h" />
    <ClInclude Include="Core\Model\Components\MeshComponent.h" />
    <ClInclude Include="Platform\OpenGL\OpenGLBatchRender.h" />
    <ClInclude Include="Platform\OpenGL\OpenGLShader.h" />
    <ClInclude Include="Platform\OpenGL\OpenGLView.h" />
    <ClInclude Include="Render\Renderer.h" />
    <ClInclude Include="Core\RenderingTypeEnum.h" />
    <ClInclude Include="Core\Model\Scene.h" />
    <ClInclude Include="Core\Shader.h" />
    <ClInclude Include="Core\Model\Components\Transform.h" />
    <ClInclude Include="Render\VertexArray.h" />
    <ClInclude Include="Core\View\View.h" />
    <ClInclude Include="3DGame\scripts\CameraScript.h" />
    <ClInclude Include="Core\Model\Ray.h" />
    <ClInclude Include="Core\Model\Components\Lights.h" />
    <ClInclude Include="Core\Texture.h" />
    <ClInclude Include="Platform\OpenGL\OpenGLTexture.h" />
    <ClInclude Include="Core\CubeMap.h" />
    <ClInclude Include="Platform\OpenGL\OpenGLCubeMap.h" />
    <ClInclude Include="Core\Model\Components\SkyBoxComponent.h" />
    <ClInclude Include="Application\MeshImporter.h" />
    <ClInclude Include="3DGame\scripts\RotatingScripts.h" />
    <ClInclude Include="Platform\Vulkan\VulkanWindow.h" />
    <ClInclude Include="Platform\Vulkan\VulkanRender.h" />
    <ClInclude Include="Platform\Vulkan\VulkanShader.h" />
    <ClInclude Include="vendor\vma\VmaUsage.h" />
    <ClInclude Include="Platform\Vulkan\VulkanBuffer.h" />
    <ClInclude Include="Platform\Vulkan\VulkanMeshGPU.h" />
    <ClInclude Include="Platform\Vulkan\VulkanTexture.h" />
    <ClInclude Include="3DGame\scripts\lightScript.h" />
    <ClInclude Include="Platform\Vulkan\VulkanBufferPool.h" />
    <ClInclude Include="Platform\Vulkan\IndirectDrawSystem.h" />
    <ClInclude Include="Platform\Vulkan\VulkanDevice.h" />
    <ClInclude Include="Platform\Vulkan\VulkanSwapchain.h" />
    <ClInclude Include="Platform\Vulkan\VulkanCommandManager.h" />
    <ClInclude Include="Platform\Vulkan\VulkanSyncManager.h" />
    <ClInclude Include="Platform\Vulkan\VulkanDescriptorManager.h" />
    <ClInclude Include="Platform\Vulkan\VulkanPipelineManager.h" />
    <ClInclude Include="Application\Project.h" />
    <ClInclude Include="Core\MetaShader.h" />
    <ClInclude Include="Platform\OpenGL\OpenGLMetaShader.h" />
    <ClInclude Include="Platform\Vulkan\VulkanMetaShader.h" />
    <ClInclude Include="Render\RenderTarget.h" />
    <ClInclude Include="Platform\Vulkan\VulkanRenderTarget.h" />
    <ClInclude Include="Platform\OpenGL\OpenGLRenderTarget.h" />
    <ClInclude Include="Math\Math.h" />
    <ClInclude Include="Application\ImGuiTextureWrapper.h" />
    <ClInclude Include="Platform\OpenGL\OpenGLImGuiTextureWrapper.h" />
    <ClInclude Include="Platform\Vulkan\VulkanImGuiTextureWrapper.h" />
    <ClInclude Include="Core\ThreadPool.h" />
    <ClInclude Include="Platform\OpenGL\OpenGLGeometryPool.h" />
    <ClInclude Include="Platform\OpenGL\OpenGLIndirectDraw.h" />
  </ItemGroup>
  <ItemGroup>
    <None Include="fragmentShaderC.glsl">
      <Filter>File di risorse</Filter>
    </None>
    <None Include="vertexShaderC.glsl">
      <Filter>File di risorse</Filter>
    </None>
    <None Include="packages.config" />
    <None Include="sfondoFragShader.glsl">
      <Filter>File di risorse</Filter>
    </None>
    <None Include="colorUniformSupporterShader.glsl">
      <Filter>File di risorse</Filter>
    </None>
    <None Include="MeshVertexShader.glsl" />
    <None Include="bling-phongVert.glsl" />
    <None Include="Asset\Shader\phongVer.glsl" />
    <None Include="Asset\Shader\phongFrag.glsl" />
    <None Include="Asset\Shader\phongVerInter.glsl" />
    <None Include="Asset\Shader\phongFragInter.glsl" />
    <None Include="Asset\Shader\bling-phong-frag.glsl" />
    <None Include="Asset\Shader\bling-phong-ver.glsl" />
    <None Include="Asset\Shader\bling-phongFragInter.glsl" />
    <None Include="Asset\Shader\bling-phongVerInter.glsl" />
    <None Include="Asset\Shader\bling-phongFragInter-Texture.glsl" />
    <None Include="Asset\Shader\SkyBoxShader\SkyBoxVer.glsl" />
    <None Include="Asset\Shader\SkyBoxShader\SkyBoxFrag.glsl" />
    <None Include="Platform\OpenGL\SkyBoxFrag.glsl" />
    <None Include="Platform\OpenGL\SkyBoxVer.glsl" />
    <None Include="Asset\Shader\ReflectiveShader\Reflective-ver.glsl" />
    <None Include="Asset\Shader\ReflectiveShader\reflective-frag.glsl" />
    <None Include="Asset\VkShader\shad-frag.glsl" />
    <None Include="Asset\VkShader\shad-ver.glsl" />
  </ItemGroup>
  <ItemGroup>
    <Image Include="Asset\Texture\SkyBox\back.jpg">
      <Filter>File di risorse</Filter>
    </Image>
    <Image Include="Asset\Texture\SkyBox\bottom.jpg">
      <Filter>File di risorse</Filter>
    </Image>
    <Image Include="Asset\Texture\SkyBox\front.jpg">
      <Filter>File di risorse</Filter>
    </Image>
    <Image Include="Asset\Texture\SkyBox\left.jpg">
      <Filter>File di risorse</Filter>
    </Image>
    <Image Include="Asset\Texture\SkyBox\right.jpg">
      <Filter>File di risorse</Filter>
    </Image>
    <Image Include="Asset\Texture\SkyBox\top.jpg">
      <Filter>File di risorse</Filter>
    </Image>
  </ItemGroup>
</Project>