<?xml version="1.0" encoding="utf-8"?>
<Project ToolsVersion="4.0" xmlns="http://schemas.microsoft.com/developer/msbuild/2003">
  <ItemGroup>
    <Filter Include="File di risorse">
      <UniqueIdentifier>{67DA6AB6-F800-4c08-8B7A-83BB121AAD01}</UniqueIdentifier>
      <Extensions>rc;ico;cur;bmp;dlg;rc2;rct;bin;rgs;gif;jpg;jpeg;jpe;resx;tiff;tif;png;wav;mfcribbon-ms</Extensions>
    </Filter>
    <Filter Include="Scena di prova">
      <UniqueIdentifier>{aa8f0af1-ed76-43ea-b557-c51d9a60097d}</UniqueIdentifier>
    </Filter>
    <Filter Include="Scena di prova\File di intestazione">
      <UniqueIdentifier>{aaf11525-5bf3-43e5-8715-1dae637a5754}</UniqueIdentifier>
    </Filter>
    <Filter Include="Scena di prova\File di risorse">
      <UniqueIdentifier>{c02c9f1d-2399-48be-ad33-bdcbeb7e6353}</UniqueIdentifier>
    </Filter>
    <Filter Include="Application">
      <UniqueIdentifier>{c119e139-60e2-485f-b4b4-057f8d89fb91}</UniqueIdentifier>
    </Filter>
    <Filter Include="Render">
      <UniqueIdentifier>{17fdd5d4-e798-4c5f-8e21-f2d5b19b4458}</UniqueIdentifier>
    </Filter>
    <Filter Include="Platform">
      <UniqueIdentifier>{a2cc7343-e265-429c-ba6c-8e953d0bed39}</UniqueIdentifier>
    </Filter>
    <Filter Include="Platform\OpenGL">
      <UniqueIdentifier>{63babfc9-525f-4d20-a29c-c2cac9ac2a50}</UniqueIdentifier>
    </Filter>
    <Filter Include="ImGui">
      <UniqueIdentifier>{24118ec5-96dd-47d5-a72e-0a885a0392cd}</UniqueIdentifier>
    </Filter>
    <Filter Include="Application\Layers">
      <UniqueIdentifier>{3d5dc69e-d97d-4723-adf3-7f223cc29bf4}</UniqueIdentifier>
    </Filter>
    <Filter Include="ImGui\backends">
      <UniqueIdentifier>{b3a17a5c-a85d-400e-acc4-ff8efc46255a}</UniqueIdentifier>
    </Filter>
    <Filter Include="Application\Input">
      <UniqueIdentifier>{9cd8ad2c-3e8a-4856-822c-9f92a366cfec}</UniqueIdentifier>
    </Filter>
    <Filter Include="Platform\OpenGL\Input">
      <UniqueIdentifier>{c3910ef6-96da-4d82-830b-0fe29c4c6c2f}</UniqueIdentifier>
    </Filter>
    <Filter Include="Physics">
      <UniqueIdentifier>{acb377e0-8b18-4a69-832f-20c5a261a3dc}</UniqueIdentifier>
    </Filter>
    <Filter Include="Core">
      <UniqueIdentifier>{d9077232-b9aa-4a3b-b14f-b4647d8921d1}</UniqueIdentifier>
    </Filter>
    <Filter Include="Core\View">
      <UniqueIdentifier>{18d07a03-e234-4591-ae60-a4ea384ba42b}</UniqueIdentifier>
    </Filter>
    <Filter Include="Core\Model">
      <UniqueIdentifier>{2ce913f7-553d-426c-87fd-47eb3e8bf301}</UniqueIdentifier>
    </Filter>
    <Filter Include="File di risorse\OpenGLView">
      <UniqueIdentifier>{788a94fa-75fd-4be8-8830-bba58076f41a}</UniqueIdentifier>
    </Filter>
    <Filter Include="Core\Model\Components">
      <UniqueIdentifier>{6f5c97ec-6e38-4a92-9280-2a1eb2845bfc}</UniqueIdentifier>
    </Filter>
  </ItemGroup>
  <ItemGroup>
    <ClCompile Include="glad.c">
      <Filter>File di risorse\OpenGLView</Filter>
    </ClCompile>
    <ClCompile Include="FirstCustomComponent.cpp">
      <Filter>Scena di prova\File di risorse</Filter>
    </ClCompile>
    <ClCompile Include="Prova.cpp">
      <Filter>Scena di prova\File di risorse</Filter>
    </ClCompile>
    <ClCompile Include="Camera.cpp">
      <Filter>Core\Model\Components</Filter>
    </ClCompile>
    <ClCompile Include="Application.cpp">
      <Filter>Application</Filter>
    </ClCompile>
    <ClCompile Include="Renderer.cpp">
      <Filter>Render</Filter>
    </ClCompile>
    <ClCompile Include="BatchRenderer.cpp">
      <Filter>Render</Filter>
    </ClCompile>
    <ClCompile Include="BatchRenderer.h">
      <Filter>Render</Filter>
    </ClCompile>
    <ClCompile Include="OpenGLBatchRender.cpp">
      <Filter>Platform\OpenGL</Filter>
    </ClCompile>
    <ClCompile Include="OpenGLView.cpp">
      <Filter>Platform\OpenGL</Filter>
    </ClCompile>
    <ClCompile Include="OpenGLBuffer.h">
      <Filter>Platform\OpenGL</Filter>
    </ClCompile>
    <ClCompile Include="OpenGLBuffer.cpp">
      <Filter>Platform\OpenGL</Filter>
    </ClCompile>
    <ClCompile Include="MeshGPUusage.h">
      <Filter>Render</Filter>
    </ClCompile>
    <ClCompile Include="VertexArray.cpp">
      <Filter>Render</Filter>
    </ClCompile>
    <ClCompile Include="OpenGLVertexArray.cpp">
      <Filter>Platform\OpenGL</Filter>
    </ClCompile>
    <ClCompile Include="ImGuiLayer.cpp">
      <Filter>Application\Layers</Filter>
    </ClCompile>
    <ClCompile Include="Buffer.cpp">
      <Filter>Render</Filter>
    </ClCompile>
    <ClCompile Include="..\Dependencies\ImGui\imgui_tables.cpp">
      <Filter>ImGui</Filter>
    </ClCompile>
    <ClCompile Include="..\Dependencies\ImGui\imgui_widgets.cpp">
      <Filter>ImGui</Filter>
    </ClCompile>
    <ClCompile Include="..\Dependencies\ImGui\imgui.cpp">
      <Filter>ImGui</Filter>
    </ClCompile>
    <ClCompile Include="..\Dependencies\ImGui\imgui_demo.cpp">
      <Filter>ImGui</Filter>
    </ClCompile>
    <ClCompile Include="..\Dependencies\ImGui\imgui_draw.cpp">
      <Filter>ImGui</Filter>
    </ClCompile>
    <ClCompile Include="..\Dependencies\ImGui\backends\imgui_impl_glfw.cpp">
      <Filter>ImGui\backends</Filter>
    </ClCompile>
    <ClCompile Include="..\Dependencies\ImGui\backends\imgui_impl_opengl3.cpp">
      <Filter>ImGui\backends</Filter>
    </ClCompile>
    <ClCompile Include="ApplicazioneProva.cpp">
      <Filter>Scena di prova</Filter>
    </ClCompile>
    <ClCompile Include="LayerProva.cpp">
      <Filter>Scena di prova</Filter>
    </ClCompile>
    <ClCompile Include="Input.cpp">
      <Filter>Application\Input</Filter>
    </ClCompile>
    <ClCompile Include="Collider.cpp">
      <Filter>Core\Model\Components</Filter>
    </ClCompile>
    <ClCompile Include="DebugLayer.cpp">
      <Filter>Scena di prova</Filter>
    </ClCompile>
    <ClCompile Include="PhysicsEngine.cpp">
      <Filter>Physics</Filter>
    </ClCompile>
    <ClCompile Include="RenderCommand.cpp">
      <Filter>Render</Filter>
    </ClCompile>
    <ClCompile Include="OpenGLRenderCommand.cpp">
      <Filter>Platform\OpenGL</Filter>
    </ClCompile>
    <ClCompile Include="AssetManager.cpp">
      <Filter>Application</Filter>
    </ClCompile>
    <ClCompile Include="View.cpp">
      <Filter>Core\View</Filter>
    </ClCompile>
    <ClCompile Include="OpenGLShader.cpp">
      <Filter>Platform\OpenGL</Filter>
    </ClCompile>
    <ClCompile Include="Shader.cpp">
      <Filter>Core</Filter>
    </ClCompile>
    <ClCompile Include="Material.cpp">
      <Filter>Core</Filter>
    </ClCompile>
    <ClCompile Include="Scene.cpp">
      <Filter>Core\Model</Filter>
    </ClCompile>
    <ClCompile Include="Material.h">
      <Filter>Core</Filter>
    </ClCompile>
    <ClCompile Include="Component.cpp">
      <Filter>Core\Model</Filter>
    </ClCompile>
    <ClCompile Include="GameObject.cpp">
      <Filter>Core\Model</Filter>
    </ClCompile>
    <ClCompile Include="Main.cpp" />
    <ClCompile Include="HermitInterpolationMesh.cpp">
      <Filter>Core</Filter>
    </ClCompile>
  </ItemGroup>
  <ItemGroup>
    <ClInclude Include="Prova.h">
      <Filter>Scena di prova\File di intestazione</Filter>
    </ClInclude>
    <ClInclude Include="FirstCustomComponent.h">
      <Filter>Scena di prova\File di intestazione</Filter>
    </ClInclude>
    <ClInclude Include="Application.h">
      <Filter>Application</Filter>
    </ClInclude>
    <ClInclude Include="Buffer.h">
      <Filter>Render</Filter>
    </ClInclude>
    <ClInclude Include="Renderer.h">
      <Filter>Render</Filter>
    </ClInclude>
    <ClInclude Include="OpenGLBatchRender.h">
      <Filter>Platform\OpenGL</Filter>
    </ClInclude>
    <ClInclude Include="OpenGLView.h">
      <Filter>Platform\OpenGL</Filter>
    </ClInclude>
    <ClInclude Include="VertexArray.h">
      <Filter>Render</Filter>
    </ClInclude>
    <ClInclude Include="OpenGLVertexArray.h">
      <Filter>Platform\OpenGL</Filter>
    </ClInclude>
    <ClInclude Include="Layer.h">
      <Filter>Application</Filter>
    </ClInclude>
    <ClInclude Include="ImGuiLayer.h">
      <Filter>Application\Layers</Filter>
    </ClInclude>
    <ClInclude Include="API.h">
      <Filter>Platform</Filter>
    </ClInclude>
    <ClInclude Include="..\Dependencies\ImGui\imgui_internal.h">
      <Filter>ImGui</Filter>
    </ClInclude>
    <ClInclude Include="..\Dependencies\ImGui\imstb_rectpack.h">
      <Filter>ImGui</Filter>
    </ClInclude>
    <ClInclude Include="..\Dependencies\ImGui\imstb_textedit.h">
      <Filter>ImGui</Filter>
    </ClInclude>
    <ClInclude Include="..\Dependencies\ImGui\imstb_truetype.h">
      <Filter>ImGui</Filter>
    </ClInclude>
    <ClInclude Include="..\Dependencies\ImGui\imconfig.h">
      <Filter>ImGui</Filter>
    </ClInclude>
    <ClInclude Include="..\Dependencies\ImGui\imgui.h">
      <Filter>ImGui</Filter>
    </ClInclude>
    <ClInclude Include="..\Dependencies\ImGui\backends\imgui_impl_glfw.h">
      <Filter>ImGui\backends</Filter>
    </ClInclude>
    <ClInclude Include="..\Dependencies\ImGui\backends\imgui_impl_opengl3.h">
      <Filter>ImGui\backends</Filter>
    </ClInclude>
    <ClInclude Include="..\Dependencies\ImGui\backends\imgui_impl_opengl3_loader.h">
      <Filter>ImGui\backends</Filter>
    </ClInclude>
    <ClInclude Include="LayerProva.h">
      <Filter>Scena di prova</Filter>
    </ClInclude>
    <ClInclude Include="Input.h">
      <Filter>Application\Input</Filter>
    </ClInclude>
    <ClInclude Include="OpenGLInput.h">
      <Filter>Platform\OpenGL\Input</Filter>
    </ClInclude>
    <ClInclude Include="KeyCode.h">
      <Filter>Application\Input</Filter>
    </ClInclude>
    <ClInclude Include="DebugLayer.h">
      <Filter>Scena di prova</Filter>
    </ClInclude>
    <ClInclude Include="PhysicsEngine.h">
      <Filter>Physics</Filter>
    </ClInclude>
    <ClInclude Include="RenderCommand.h">
      <Filter>Render</Filter>
    </ClInclude>
    <ClInclude Include="OpenGLRenderCommand.h">
      <Filter>Platform\OpenGL</Filter>
    </ClInclude>
    <ClInclude Include="AssetManager.h">
      <Filter>Application</Filter>
    </ClInclude>
    <ClInclude Include="ProjectileComponent.h">
      <Filter>Scena di prova\File di intestazione</Filter>
    </ClInclude>
    <ClInclude Include="Engine.h">
      <Filter>Core</Filter>
    </ClInclude>
    <ClInclude Include="View.h">
      <Filter>Core\View</Filter>
    </ClInclude>
    <ClInclude Include="Camera.h">
      <Filter>Core\Model\Components</Filter>
    </ClInclude>
    <ClInclude Include="Collider.h">
      <Filter>Core\Model\Components</Filter>
    </ClInclude>
    <ClInclude Include="MeshComponent.h">
      <Filter>Core\Model\Components</Filter>
    </ClInclude>
    <ClInclude Include="RigidBody.h">
      <Filter>Core\Model\Components</Filter>
    </ClInclude>
    <ClInclude Include="ScriptingSystem.h">
      <Filter>Core\Model\Components</Filter>
    </ClInclude>
    <ClInclude Include="TagComponent.h">
      <Filter>Core\Model\Components</Filter>
    </ClInclude>
    <ClInclude Include="Transform.h">
      <Filter>Core\Model\Components</Filter>
    </ClInclude>
    <ClInclude Include="TreeComponent.h">
      <Filter>Core\Model\Components</Filter>
    </ClInclude>
    <ClInclude Include="Component.h">
      <Filter>Core\Model</Filter>
    </ClInclude>
    <ClInclude Include="GameObject.h">
      <Filter>Core\Model</Filter>
    </ClInclude>
    <ClInclude Include="Scene.h">
      <Filter>Core\Model</Filter>
    </ClInclude>
    <ClInclude Include="OpenGLShader.h">
      <Filter>Platform\OpenGL</Filter>
    </ClInclude>
    <ClInclude Include="RenderingTypeEnum.h">
      <Filter>Core</Filter>
    </ClInclude>
    <ClInclude Include="Shader.h">
      <Filter>Core</Filter>
    </ClInclude>
    <ClInclude Include="HermitInterpolationMesh.h">
      <Filter>Core</Filter>
    </ClInclude>
    <ClInclude Include="BackGround2DRender.h">
      <Filter>Core\Model\Components</Filter>
    </ClInclude>
    <ClInclude Include="earcut.hpp">
      <Filter>Core</Filter>
    </ClInclude>
  </ItemGroup>
  <ItemGroup>
    <None Include="fragmentShaderC.glsl">
      <Filter>File di risorse</Filter>
    </None>
    <None Include="vertexShaderC.glsl">
      <Filter>File di risorse</Filter>
    </None>
    <None Include="packages.config" />
    <None Include="sfondoFragShader.glsl">
      <Filter>File di risorse</Filter>
    </None>
  </ItemGroup>
</Project>