<?xml version="1.0" encoding="utf-8"?>
<Project ToolsVersion="4.0" xmlns="http://schemas.microsoft.com/developer/msbuild/2003">
  <ItemGroup>
    <Filter Include="File di risorse">
      <UniqueIdentifier>{67DA6AB6-F800-4c08-8B7A-83BB121AAD01}</UniqueIdentifier>
      <Extensions>rc;ico;cur;bmp;dlg;rc2;rct;bin;rgs;gif;jpg;jpeg;jpe;resx;tiff;tif;png;wav;mfcribbon-ms</Extensions>
    </Filter>
    <Filter Include="Scena di prova">
      <UniqueIdentifier>{aa8f0af1-ed76-43ea-b557-c51d9a60097d}</UniqueIdentifier>
    </Filter>
    <Filter Include="Scena di prova\File di intestazione">
      <UniqueIdentifier>{aaf11525-5bf3-43e5-8715-1dae637a5754}</UniqueIdentifier>
    </Filter>
    <Filter Include="Scena di prova\File di risorse">
      <UniqueIdentifier>{c02c9f1d-2399-48be-ad33-bdcbeb7e6353}</UniqueIdentifier>
    </Filter>
    <Filter Include="Application">
      <UniqueIdentifier>{c119e139-60e2-485f-b4b4-057f8d89fb91}</UniqueIdentifier>
    </Filter>
    <Filter Include="Render">
      <UniqueIdentifier>{17fdd5d4-e798-4c5f-8e21-f2d5b19b4458}</UniqueIdentifier>
    </Filter>
    <Filter Include="Platform">
      <UniqueIdentifier>{a2cc7343-e265-429c-ba6c-8e953d0bed39}</UniqueIdentifier>
    </Filter>
    <Filter Include="Platform\OpenGL">
      <UniqueIdentifier>{63babfc9-525f-4d20-a29c-c2cac9ac2a50}</UniqueIdentifier>
    </Filter>
    <Filter Include="ImGui">
      <UniqueIdentifier>{24118ec5-96dd-47d5-a72e-0a885a0392cd}</UniqueIdentifier>
    </Filter>
    <Filter Include="Application\Layers">
      <UniqueIdentifier>{3d5dc69e-d97d-4723-adf3-7f223cc29bf4}</UniqueIdentifier>
    </Filter>
    <Filter Include="ImGui\backends">
      <UniqueIdentifier>{b3a17a5c-a85d-400e-acc4-ff8efc46255a}</UniqueIdentifier>
    </Filter>
    <Filter Include="Application\Input">
      <UniqueIdentifier>{9cd8ad2c-3e8a-4856-822c-9f92a366cfec}</UniqueIdentifier>
    </Filter>
    <Filter Include="Platform\OpenGL\Input">
      <UniqueIdentifier>{c3910ef6-96da-4d82-830b-0fe29c4c6c2f}</UniqueIdentifier>
    </Filter>
    <Filter Include="Physics">
      <UniqueIdentifier>{acb377e0-8b18-4a69-832f-20c5a261a3dc}</UniqueIdentifier>
    </Filter>
    <Filter Include="Core">
      <UniqueIdentifier>{d9077232-b9aa-4a3b-b14f-b4647d8921d1}</UniqueIdentifier>
    </Filter>
    <Filter Include="Core\View">
      <UniqueIdentifier>{18d07a03-e234-4591-ae60-a4ea384ba42b}</UniqueIdentifier>
    </Filter>
    <Filter Include="Core\Model">
      <UniqueIdentifier>{2ce913f7-553d-426c-87fd-47eb3e8bf301}</UniqueIdentifier>
    </Filter>
    <Filter Include="File di risorse\OpenGLView">
      <UniqueIdentifier>{788a94fa-75fd-4be8-8830-bba58076f41a}</UniqueIdentifier>
    </Filter>
    <Filter Include="Core\Model\Components">
      <UniqueIdentifier>{6f5c97ec-6e38-4a92-9280-2a1eb2845bfc}</UniqueIdentifier>
    </Filter>
    <Filter Include="2DGame">
      <UniqueIdentifier>{5b65ca11-ef3f-46af-83d8-603c9ab8ae19}</UniqueIdentifier>
    </Filter>
    <Filter Include="2DGame\Components">
      <UniqueIdentifier>{7d0bf565-d013-473a-ac55-e53b8e2e6994}</UniqueIdentifier>
    </Filter>
    <Filter Include="2DGame\Prefab">
      <UniqueIdentifier>{39c76032-6be8-40ee-94e0-d5754ccfadca}</UniqueIdentifier>
    </Filter>
  </ItemGroup>
  <ItemGroup>
    <ClCompile Include="glad.c">
      <Filter>File di risorse\OpenGLView</Filter>
    </ClCompile>
    <ClCompile Include="..\Dependencies\ImGui\imgui_tables.cpp">
      <Filter>ImGui</Filter>
    </ClCompile>
    <ClCompile Include="..\Dependencies\ImGui\imgui_widgets.cpp">
      <Filter>ImGui</Filter>
    </ClCompile>
    <ClCompile Include="..\Dependencies\ImGui\imgui.cpp">
      <Filter>ImGui</Filter>
    </ClCompile>
    <ClCompile Include="..\Dependencies\ImGui\imgui_demo.cpp">
      <Filter>ImGui</Filter>
    </ClCompile>
    <ClCompile Include="..\Dependencies\ImGui\imgui_draw.cpp">
      <Filter>ImGui</Filter>
    </ClCompile>
    <ClCompile Include="..\Dependencies\ImGui\backends\imgui_impl_glfw.cpp">
      <Filter>ImGui\backends</Filter>
    </ClCompile>
    <ClCompile Include="..\Dependencies\ImGui\backends\imgui_impl_opengl3.cpp">
      <Filter>ImGui\backends</Filter>
    </ClCompile>
    <ClCompile Include="Main.cpp" />
    <ClCompile Include="2DGame\2DGameApplication.cpp" />
    <ClCompile Include="Application\Application.cpp" />
    <ClCompile Include="Application\AssetManager.cpp" />
    <ClCompile Include="2DGame\Component\BallScript.cpp" />
    <ClCompile Include="Render\BatchRenderer.cpp" />
    <ClCompile Include="Render\BatchRenderer.h" />
    <ClCompile Include="Render\Buffer.cpp" />
    <ClCompile Include="Core\Model\Components\Camera.cpp" />
    <ClCompile Include="Core\Model\Components\Collider.cpp" />
    <ClCompile Include="Core\Model\Component.cpp" />
    <ClCompile Include="2DGame\DebugLayer.cpp" />
    <ClCompile Include="2DGame\GameLayer.cpp" />
    <ClCompile Include="Core\Model\GameObject.cpp" />
    <ClCompile Include="2DGame\GameScene.cpp" />
    <ClCompile Include="Core\HermitInterpolationMesh.cpp" />
    <ClCompile Include="Application\Layer\ImGuiLayer.cpp" />
    <ClCompile Include="Application\Input\Input.cpp" />
    <ClCompile Include="Platform\OpenGL\MeshGPUusage.h" />
    <ClCompile Include="Platform\OpenGL\OpenGLBuffer.cpp" />
    <ClCompile Include="Platform\OpenGL\OpenGLBuffer.h" />
    <ClCompile Include="Platform\OpenGL\OpenGLRenderCommand.cpp" />
    <ClCompile Include="Platform\OpenGL\OpenGLVertexArray.cpp" />
    <ClCompile Include="Physics\PhysicsEngine.cpp" />
    <ClCompile Include="Core\Material.cpp" />
    <ClCompile Include="Core\Material.h" />
    <ClCompile Include="Platform\OpenGL\OpenGLBatchRender.cpp" />
    <ClCompile Include="Platform\OpenGL\OpenGLShader.cpp" />
    <ClCompile Include="Platform\OpenGL\OpenGLView.cpp" />
    <ClCompile Include="Render\RenderCommand.cpp" />
    <ClCompile Include="Render\Renderer.cpp" />
    <ClCompile Include="Core\Model\Scene.cpp" />
    <ClCompile Include="Core\Shader.cpp" />
    <ClCompile Include="Render\VertexArray.cpp" />
    <ClCompile Include="Core\View\View.cpp" />
    <ClCompile Include="3DGame\Game3DApplication.cpp" />
    <ClCompile Include="3DGame\Scene3D.cpp" />
    <ClCompile Include="3DGame\scripts\Controller.cpp" />
  </ItemGroup>
  <ItemGroup>
    <ClInclude Include="..\Dependencies\ImGui\imgui_internal.h">
      <Filter>ImGui</Filter>
    </ClInclude>
    <ClInclude Include="..\Dependencies\ImGui\imstb_rectpack.h">
      <Filter>ImGui</Filter>
    </ClInclude>
    <ClInclude Include="..\Dependencies\ImGui\imstb_textedit.h">
      <Filter>ImGui</Filter>
    </ClInclude>
    <ClInclude Include="..\Dependencies\ImGui\imstb_truetype.h">
      <Filter>ImGui</Filter>
    </ClInclude>
    <ClInclude Include="..\Dependencies\ImGui\imconfig.h">
      <Filter>ImGui</Filter>
    </ClInclude>
    <ClInclude Include="..\Dependencies\ImGui\imgui.h">
      <Filter>ImGui</Filter>
    </ClInclude>
    <ClInclude Include="..\Dependencies\ImGui\backends\imgui_impl_glfw.h">
      <Filter>ImGui\backends</Filter>
    </ClInclude>
    <ClInclude Include="..\Dependencies\ImGui\backends\imgui_impl_opengl3.h">
      <Filter>ImGui\backends</Filter>
    </ClInclude>
    <ClInclude Include="..\Dependencies\ImGui\backends\imgui_impl_opengl3_loader.h">
      <Filter>ImGui\backends</Filter>
    </ClInclude>
    <ClInclude Include="Platform\API.h" />
    <ClInclude Include="Application\Application.h" />
    <ClInclude Include="Application\AssetManager.h" />
    <ClInclude Include="Core\Model\Components\BackGround2DRender.h" />
    <ClInclude Include="2DGame\Component\BallScript.h" />
    <ClInclude Include="Render\Buffer.h" />
    <ClInclude Include="Core\Model\Components\Camera.h" />
    <ClInclude Include="Core\Model\Components\Collider.h" />
    <ClInclude Include="2DGame\Component\ControllerScript.h" />
    <ClInclude Include="2DGame\DebugLayer.h" />
    <ClInclude Include="Core\earcut.hpp" />
    <ClInclude Include="2DGame\Prefab\Enemy1.h" />
    <ClInclude Include="2DGame\Component\EnemyScripts.h" />
    <ClInclude Include="Core\Engine.h" />
    <ClInclude Include="2DGame\GameLayer.h" />
    <ClInclude Include="2DGame\GameScene.h" />
    <ClInclude Include="Core\HermitInterpolationMesh.h" />
    <ClInclude Include="Platform\OpenGL\OpenGLRenderCommand.h" />
    <ClInclude Include="Physics\PhysicsEngine.h" />
    <ClInclude Include="2DGame\Component\PlayerScripts.h" />
    <ClInclude Include="Core\Prefab.h" />
    <ClInclude Include="Render\RenderCommand.h" />
    <ClInclude Include="Core\Model\Components\RigidBody.h" />
    <ClInclude Include="Core\Model\Components\ScriptingSystem.h" />
    <ClInclude Include="Core\Model\Components\TagComponent.h" />
    <ClInclude Include="Core\Model\Components\TreeComponent.h" />
    <ClInclude Include="Core\Model\Component.h" />
    <ClInclude Include="Core\Model\GameObject.h" />
    <ClInclude Include="Application\Layer\ImGuiLayer.h" />
    <ClInclude Include="Application\Input\Input.h" />
    <ClInclude Include="Application\Input\KeyCode.h" />
    <ClInclude Include="Application\Layer.h" />
    <ClInclude Include="Platform\OpenGL\Input\OpenGLInput.h" />
    <ClInclude Include="Platform\OpenGL\OpenGLVertexArray.h" />
    <ClInclude Include="Core\Model\Components\MeshComponent.h" />
    <ClInclude Include="Platform\OpenGL\OpenGLBatchRender.h" />
    <ClInclude Include="Platform\OpenGL\OpenGLShader.h" />
    <ClInclude Include="Platform\OpenGL\OpenGLView.h" />
    <ClInclude Include="Render\Renderer.h" />
    <ClInclude Include="Core\RenderingTypeEnum.h" />
    <ClInclude Include="Core\Model\Scene.h" />
    <ClInclude Include="Core\Shader.h" />
    <ClInclude Include="Core\Model\Components\Transform.h" />
    <ClInclude Include="Render\VertexArray.h" />
    <ClInclude Include="Core\View\View.h" />
    <ClInclude Include="3DGame\Game3DLayer.h" />
    <ClInclude Include="3DGame\Scene3D.h" />
    <ClInclude Include="3DGame\scripts\CameraScript.h" />
    <ClInclude Include="3DGame\scripts\Controller.h" />
    <ClInclude Include="Core\Model\Ray.h" />
    <ClInclude Include="Core\Model\Components\Lights.h" />
  </ItemGroup>
  <ItemGroup>
    <None Include="fragmentShaderC.glsl">
      <Filter>File di risorse</Filter>
    </None>
    <None Include="vertexShaderC.glsl">
      <Filter>File di risorse</Filter>
    </None>
    <None Include="packages.config" />
    <None Include="sfondoFragShader.glsl">
      <Filter>File di risorse</Filter>
    </None>
    <None Include="colorUniformSupporterShader.glsl">
      <Filter>File di risorse</Filter>
    </None>
    <None Include="MeshVertexShader.glsl" />
    <None Include="bling-phongVert.glsl" />
    <None Include="Asset\Shader\phongVer.glsl" />
    <None Include="Asset\Shader\phongFrag.glsl" />
    <None Include="Asset\Shader\phongVerInter.glsl" />
    <None Include="Asset\Shader\phongFragInter.glsl" />
    <None Include="Asset\Shader\bling-phong-frag.glsl" />
    <None Include="Asset\Shader\bling-phong-ver.glsl" />
    <None Include="Asset\Shader\bling-phongFragInter.glsl" />
    <None Include="Asset\Shader\bling-phongVerInter.glsl" />
  </ItemGroup>
</Project>